// !$*UTF8*$!
{
	archiveVersion = 1;
	classes = {
	};
	objectVersion = 56;
	objects = {

/* Begin PBXBuildFile section */
		3D005AF52AB15C0A008172A5 /* EditProfileVC.swift in Sources */ = {isa = PBXBuildFile; fileRef = 3D005AF42AB15C0A008172A5 /* EditProfileVC.swift */; };
		3D011AFA2A6E6810009AFFB7 /* AppDelegate.swift in Sources */ = {isa = PBXBuildFile; fileRef = 3D011AF92A6E6810009AFFB7 /* AppDelegate.swift */; };
		3D011AFC2A6E6810009AFFB7 /* SceneDelegate.swift in Sources */ = {isa = PBXBuildFile; fileRef = 3D011AFB2A6E6810009AFFB7 /* SceneDelegate.swift */; };
		3D011AFE2A6E6810009AFFB7 /* FirstVC.swift in Sources */ = {isa = PBXBuildFile; fileRef = 3D011AFD2A6E6810009AFFB7 /* FirstVC.swift */; };
		3D011B012A6E6810009AFFB7 /* Main.storyboard in Resources */ = {isa = PBXBuildFile; fileRef = 3D011AFF2A6E6810009AFFB7 /* Main.storyboard */; };
		3D011B032A6E6811009AFFB7 /* Assets.xcassets in Resources */ = {isa = PBXBuildFile; fileRef = 3D011B022A6E6811009AFFB7 /* Assets.xcassets */; };
		3D011B062A6E6811009AFFB7 /* LaunchScreen.storyboard in Resources */ = {isa = PBXBuildFile; fileRef = 3D011B042A6E6811009AFFB7 /* LaunchScreen.storyboard */; };
		3D09E8C62A80866400609A3B /* MyArticleCell.swift in Sources */ = {isa = PBXBuildFile; fileRef = 3D09E8C52A80866400609A3B /* MyArticleCell.swift */; };
		3D09E8C92A80881600609A3B /* NotifyCell.swift in Sources */ = {isa = PBXBuildFile; fileRef = 3D09E8C82A80881600609A3B /* NotifyCell.swift */; };
		3D09E8CC2A80883500609A3B /* NoticeTableView.swift in Sources */ = {isa = PBXBuildFile; fileRef = 3D09E8CB2A80883500609A3B /* NoticeTableView.swift */; };
		3D09E8CE2A80C3F000609A3B /* TextCell.swift in Sources */ = {isa = PBXBuildFile; fileRef = 3D09E8CD2A80C3F000609A3B /* TextCell.swift */; };
		3D09E8D02A80C3FB00609A3B /* ImageCell.swift in Sources */ = {isa = PBXBuildFile; fileRef = 3D09E8CF2A80C3FB00609A3B /* ImageCell.swift */; };
		3D22B4472A7CCCE700DFA82A /* FirstTableView.swift in Sources */ = {isa = PBXBuildFile; fileRef = 3D22B4462A7CCCE700DFA82A /* FirstTableView.swift */; };
		3D32B9192A7099D400AFB823 /* User.swift in Sources */ = {isa = PBXBuildFile; fileRef = 3D32B9182A7099D400AFB823 /* User.swift */; };
		3D32B91B2A70A34D00AFB823 /* Camp.swift in Sources */ = {isa = PBXBuildFile; fileRef = 3D32B91A2A70A34D00AFB823 /* Camp.swift */; };
		3D32B91F2A70A99E00AFB823 /* Article.swift in Sources */ = {isa = PBXBuildFile; fileRef = 3D32B91E2A70A99E00AFB823 /* Article.swift */; };
		3D32B9212A70A9A800AFB823 /* Text.swift in Sources */ = {isa = PBXBuildFile; fileRef = 3D32B9202A70A9A800AFB823 /* Text.swift */; };
		3D32B9232A70A9D900AFB823 /* Image.swift in Sources */ = {isa = PBXBuildFile; fileRef = 3D32B9222A70A9D900AFB823 /* Image.swift */; };
		3D32B9252A70B15F00AFB823 /* Comment.swift in Sources */ = {isa = PBXBuildFile; fileRef = 3D32B9242A70B15F00AFB823 /* Comment.swift */; };
		3D4A7CD52AA85F5A001B8A45 /* 经典圆体繁.TTF in Resources */ = {isa = PBXBuildFile; fileRef = 3D4A7CD42AA85F5A001B8A45 /* 经典圆体繁.TTF */; };
		3D4A7CD72AA8608D001B8A45 /* UIFont+custom.swift in Sources */ = {isa = PBXBuildFile; fileRef = 3D4A7CD62AA8608D001B8A45 /* UIFont+custom.swift */; };
		3D4A7CD92AA8D279001B8A45 /* UIimage+thumbnail.swift in Sources */ = {isa = PBXBuildFile; fileRef = 3D4A7CD82AA8D279001B8A45 /* UIimage+thumbnail.swift */; };
		3D4F92D22ABDED65006A39E2 /* ServerManager.swift in Sources */ = {isa = PBXBuildFile; fileRef = 3D4F92D12ABDED65006A39E2 /* ServerManager.swift */; };
		3D52E2FC2A9F7AA5005A3649 /* CollectedArticleCell.swift in Sources */ = {isa = PBXBuildFile; fileRef = 3D52E2FB2A9F7AA5005A3649 /* CollectedArticleCell.swift */; };
		3D6560D32A836D690086CA0E /* CreateArticleVC.swift in Sources */ = {isa = PBXBuildFile; fileRef = 3D6560D22A836D690086CA0E /* CreateArticleVC.swift */; };
		3D6560D62A8377990086CA0E /* ShowMessageManager.swift in Sources */ = {isa = PBXBuildFile; fileRef = 3D6560D52A8377990086CA0E /* ShowMessageManager.swift */; };
		3D707D0C2A94ACF10000506D /* ShowUserCell.swift in Sources */ = {isa = PBXBuildFile; fileRef = 3D707D0B2A94ACF10000506D /* ShowUserCell.swift */; };
		3D707D0E2A94AD050000506D /* ShowTextCell.swift in Sources */ = {isa = PBXBuildFile; fileRef = 3D707D0D2A94AD050000506D /* ShowTextCell.swift */; };
		3D707D102A94AD290000506D /* ShowMyCommentCell.swift in Sources */ = {isa = PBXBuildFile; fileRef = 3D707D0F2A94AD290000506D /* ShowMyCommentCell.swift */; };
		3D707D122A94AD6D0000506D /* ShowCommentCell.swift in Sources */ = {isa = PBXBuildFile; fileRef = 3D707D112A94AD6D0000506D /* ShowCommentCell.swift */; };
		3D707D142A94AFCD0000506D /* ShowArticleTableVC.swift in Sources */ = {isa = PBXBuildFile; fileRef = 3D707D132A94AFCD0000506D /* ShowArticleTableVC.swift */; };
		3D707D162A95B1680000506D /* Content.swift in Sources */ = {isa = PBXBuildFile; fileRef = 3D707D152A95B1680000506D /* Content.swift */; };
		3D707D1C2A95F4060000506D /* ShowImageCell.swift in Sources */ = {isa = PBXBuildFile; fileRef = 3D707D1B2A95F4060000506D /* ShowImageCell.swift */; };
		3D73E1722A81C33D007DBD85 /* EditArticleVC.swift in Sources */ = {isa = PBXBuildFile; fileRef = 3D73E1712A81C33D007DBD85 /* EditArticleVC.swift */; };
		3D73E1742A8216D3007DBD85 /* LogVC.swift in Sources */ = {isa = PBXBuildFile; fileRef = 3D73E1732A8216D3007DBD85 /* LogVC.swift */; };
		3D73E1762A8216E5007DBD85 /* LoginVC.swift in Sources */ = {isa = PBXBuildFile; fileRef = 3D73E1752A8216E5007DBD85 /* LoginVC.swift */; };
		3D73E1782A821706007DBD85 /* RegisterVC.swift in Sources */ = {isa = PBXBuildFile; fileRef = 3D73E1772A821706007DBD85 /* RegisterVC.swift */; };
		3D7776102A8DD5BB002E9CD0 /* CustomTabbarController.swift in Sources */ = {isa = PBXBuildFile; fileRef = 3D77760F2A8DD5BB002E9CD0 /* CustomTabbarController.swift */; };
		3D7776562A93C542002E9CD0 /* MyArticleTableVC.swift in Sources */ = {isa = PBXBuildFile; fileRef = 3D7776552A93C542002E9CD0 /* MyArticleTableVC.swift */; };
		3D7776582A93C554002E9CD0 /* MyCollectionTableVC.swift in Sources */ = {isa = PBXBuildFile; fileRef = 3D7776572A93C554002E9CD0 /* MyCollectionTableVC.swift */; };
		3D7C18662AD0693300A9F963 /* TextNetworkManager.swift in Sources */ = {isa = PBXBuildFile; fileRef = 3D7C18652AD0693300A9F963 /* TextNetworkManager.swift */; };
		3D7C18682AD0695600A9F963 /* CommentNetworkManager.swift in Sources */ = {isa = PBXBuildFile; fileRef = 3D7C18672AD0695600A9F963 /* CommentNetworkManager.swift */; };
		3D7C186A2AD06B3E00A9F963 /* ContentNetworkManager.swift in Sources */ = {isa = PBXBuildFile; fileRef = 3D7C18692AD06B3E00A9F963 /* ContentNetworkManager.swift */; };
		3D87B0872ABB1C350016583A /* ForgetpwVC.swift in Sources */ = {isa = PBXBuildFile; fileRef = 3D87B0862ABB1C350016583A /* ForgetpwVC.swift */; };
		3D893B5D2A7FF7CC003ABFFE /* SecondTableView.swift in Sources */ = {isa = PBXBuildFile; fileRef = 3D893B5C2A7FF7CC003ABFFE /* SecondTableView.swift */; };
		3D893B612A7FF8BB003ABFFE /* CampCell.swift in Sources */ = {isa = PBXBuildFile; fileRef = 3D893B602A7FF8BB003ABFFE /* CampCell.swift */; };
		3D8F99EC2A73645C00891167 /* Alamofire in Frameworks */ = {isa = PBXBuildFile; productRef = 3D8F99EB2A73645C00891167 /* Alamofire */; };
		3D91DDC52A6ECFC100BECC28 /* SecondVC.swift in Sources */ = {isa = PBXBuildFile; fileRef = 3D91DDC42A6ECFC100BECC28 /* SecondVC.swift */; };
		3D91DDC72A6ECFD700BECC28 /* ThirdVC.swift in Sources */ = {isa = PBXBuildFile; fileRef = 3D91DDC62A6ECFD600BECC28 /* ThirdVC.swift */; };
		3D91DDC92A6ECFE200BECC28 /* FourthVC.swift in Sources */ = {isa = PBXBuildFile; fileRef = 3D91DDC82A6ECFE200BECC28 /* FourthVC.swift */; };
		3D91DDCB2A6ECFEE00BECC28 /* FifthVC.swift in Sources */ = {isa = PBXBuildFile; fileRef = 3D91DDCA2A6ECFEE00BECC28 /* FifthVC.swift */; };
		3D9FB8A12AB03B9000A8ED8C /* CacheManager.swift in Sources */ = {isa = PBXBuildFile; fileRef = 3D9FB8A02AB03B9000A8ED8C /* CacheManager.swift */; };
		3DA0C27F2AB989DB001C666E /* GooglePlacesManager.swift in Sources */ = {isa = PBXBuildFile; fileRef = 3DA0C27E2AB989DB001C666E /* GooglePlacesManager.swift */; };
		3DCCBBBE2ACCECAD007AB847 /* UIColor.swift in Sources */ = {isa = PBXBuildFile; fileRef = 3DCCBBBD2ACCECAD007AB847 /* UIColor.swift */; };
		3DCCBBC02ACD312D007AB847 /* UIView+shadow.swift in Sources */ = {isa = PBXBuildFile; fileRef = 3DCCBBBF2ACD312D007AB847 /* UIView+shadow.swift */; };
		3DCCBBC22ACD332E007AB847 /* UIView+roundCorners.swift in Sources */ = {isa = PBXBuildFile; fileRef = 3DCCBBC12ACD332E007AB847 /* UIView+roundCorners.swift */; };
		3DCCBBC42ACD4B15007AB847 /* UIView+NoResultLabel.swift in Sources */ = {isa = PBXBuildFile; fileRef = 3DCCBBC32ACD4B15007AB847 /* UIView+NoResultLabel.swift */; };
		3DCCBBC72ACD7D05007AB847 /* UITableVIew+shadow.swift in Sources */ = {isa = PBXBuildFile; fileRef = 3DCCBBC62ACD7D05007AB847 /* UITableVIew+shadow.swift */; };
		3DCCBBCD2ACF8DA7007AB847 /* CustomActivityIndicator.swift in Sources */ = {isa = PBXBuildFile; fileRef = 3DCCBBCC2ACF8DA7007AB847 /* CustomActivityIndicator.swift */; };
		3DCCBBDD2AD057CB007AB847 /* ServerResult.swift in Sources */ = {isa = PBXBuildFile; fileRef = 3DCCBBDC2AD057CB007AB847 /* ServerResult.swift */; };
		3DCCBBDF2AD05814007AB847 /* UserManager.swift in Sources */ = {isa = PBXBuildFile; fileRef = 3DCCBBDE2AD05814007AB847 /* UserManager.swift */; };
		3DCCBBE12AD05857007AB847 /* CampManager.swift in Sources */ = {isa = PBXBuildFile; fileRef = 3DCCBBE02AD05857007AB847 /* CampManager.swift */; };
		3DCCBBE32AD0588B007AB847 /* ArticleManager.swift in Sources */ = {isa = PBXBuildFile; fileRef = 3DCCBBE22AD0588B007AB847 /* ArticleManager.swift */; };
		3DCCBBED2AD05BBA007AB847 /* UserNetworkManger.swift in Sources */ = {isa = PBXBuildFile; fileRef = 3DCCBBEC2AD05BBA007AB847 /* UserNetworkManger.swift */; };
		3DCCBBEF2AD05DD3007AB847 /* BaseNetworkManager.swift in Sources */ = {isa = PBXBuildFile; fileRef = 3DCCBBEE2AD05DD3007AB847 /* BaseNetworkManager.swift */; };
		3DCCBBF12AD0620F007AB847 /* ArticleNetworkManager.swift in Sources */ = {isa = PBXBuildFile; fileRef = 3DCCBBF02AD0620F007AB847 /* ArticleNetworkManager.swift */; };
		3DCCBBF42AD0628D007AB847 /* CampNetworkManeger.swift in Sources */ = {isa = PBXBuildFile; fileRef = 3DCCBBF32AD0628D007AB847 /* CampNetworkManeger.swift */; };
		3DCCBBF62AD062BB007AB847 /* ImageNetworkManger.swift in Sources */ = {isa = PBXBuildFile; fileRef = 3DCCBBF52AD062BB007AB847 /* ImageNetworkManger.swift */; };
		3DD52CD22A8468D200040B91 /* UIImage+Resize.swift in Sources */ = {isa = PBXBuildFile; fileRef = 3DD52CD12A8468D200040B91 /* UIImage+Resize.swift */; };
		3DE00AF92A9862210032504D /* EditArticleTableVC.swift in Sources */ = {isa = PBXBuildFile; fileRef = 3DE00AF82A9862210032504D /* EditArticleTableVC.swift */; };
		3DEECED82A7CA1220034AFBE /* ArticleCell.swift in Sources */ = {isa = PBXBuildFile; fileRef = 3DEECED72A7CA1220034AFBE /* ArticleCell.swift */; };
		3DEECEDA2A7CA1310034AFBE /* UserCell.swift in Sources */ = {isa = PBXBuildFile; fileRef = 3DEECED92A7CA1310034AFBE /* UserCell.swift */; };
		3DFACB652ABD3B8700D775F5 /* FirebaseDatabase in Frameworks */ = {isa = PBXBuildFile; productRef = 3DFACB642ABD3B8700D775F5 /* FirebaseDatabase */; };
		3DFACB672ABD3E6C00D775F5 /* GoogleService-Info.plist in Resources */ = {isa = PBXBuildFile; fileRef = 3DFACB662ABD3E6C00D775F5 /* GoogleService-Info.plist */; };
		631D7FF7F0B50F3F89D336F4 /* Pods_Gocamping.framework in Frameworks */ = {isa = PBXBuildFile; fileRef = A671BBB8C14A8B2FC5E66760 /* Pods_Gocamping.framework */; };
/* End PBXBuildFile section */

/* Begin PBXFileReference section */
		1CE30981F8A8511E3A0918C7 /* Pods-Gocamping.debug.xcconfig */ = {isa = PBXFileReference; includeInIndex = 1; lastKnownFileType = text.xcconfig; name = "Pods-Gocamping.debug.xcconfig"; path = "Target Support Files/Pods-Gocamping/Pods-Gocamping.debug.xcconfig"; sourceTree = "<group>"; };
		3D005AF42AB15C0A008172A5 /* EditProfileVC.swift */ = {isa = PBXFileReference; lastKnownFileType = sourcecode.swift; path = EditProfileVC.swift; sourceTree = "<group>"; };
		3D011AF62A6E6810009AFFB7 /* Gocamping.app */ = {isa = PBXFileReference; explicitFileType = wrapper.application; includeInIndex = 0; path = Gocamping.app; sourceTree = BUILT_PRODUCTS_DIR; };
		3D011AF92A6E6810009AFFB7 /* AppDelegate.swift */ = {isa = PBXFileReference; lastKnownFileType = sourcecode.swift; path = AppDelegate.swift; sourceTree = "<group>"; };
		3D011AFB2A6E6810009AFFB7 /* SceneDelegate.swift */ = {isa = PBXFileReference; lastKnownFileType = sourcecode.swift; path = SceneDelegate.swift; sourceTree = "<group>"; };
		3D011AFD2A6E6810009AFFB7 /* FirstVC.swift */ = {isa = PBXFileReference; lastKnownFileType = sourcecode.swift; path = FirstVC.swift; sourceTree = "<group>"; };
		3D011B002A6E6810009AFFB7 /* Base */ = {isa = PBXFileReference; lastKnownFileType = file.storyboard; name = Base; path = Base.lproj/Main.storyboard; sourceTree = "<group>"; };
		3D011B022A6E6811009AFFB7 /* Assets.xcassets */ = {isa = PBXFileReference; lastKnownFileType = folder.assetcatalog; path = Assets.xcassets; sourceTree = "<group>"; };
		3D011B052A6E6811009AFFB7 /* Base */ = {isa = PBXFileReference; lastKnownFileType = file.storyboard; name = Base; path = Base.lproj/LaunchScreen.storyboard; sourceTree = "<group>"; };
		3D011B072A6E6811009AFFB7 /* Info.plist */ = {isa = PBXFileReference; lastKnownFileType = text.plist.xml; path = Info.plist; sourceTree = "<group>"; };
		3D09E8C52A80866400609A3B /* MyArticleCell.swift */ = {isa = PBXFileReference; lastKnownFileType = sourcecode.swift; path = MyArticleCell.swift; sourceTree = "<group>"; };
		3D09E8C82A80881600609A3B /* NotifyCell.swift */ = {isa = PBXFileReference; lastKnownFileType = sourcecode.swift; path = NotifyCell.swift; sourceTree = "<group>"; };
		3D09E8CB2A80883500609A3B /* NoticeTableView.swift */ = {isa = PBXFileReference; lastKnownFileType = sourcecode.swift; path = NoticeTableView.swift; sourceTree = "<group>"; };
		3D09E8CD2A80C3F000609A3B /* TextCell.swift */ = {isa = PBXFileReference; lastKnownFileType = sourcecode.swift; path = TextCell.swift; sourceTree = "<group>"; };
		3D09E8CF2A80C3FB00609A3B /* ImageCell.swift */ = {isa = PBXFileReference; lastKnownFileType = sourcecode.swift; path = ImageCell.swift; sourceTree = "<group>"; };
		3D22B4462A7CCCE700DFA82A /* FirstTableView.swift */ = {isa = PBXFileReference; lastKnownFileType = sourcecode.swift; path = FirstTableView.swift; sourceTree = "<group>"; };
		3D32B9182A7099D400AFB823 /* User.swift */ = {isa = PBXFileReference; lastKnownFileType = sourcecode.swift; path = User.swift; sourceTree = "<group>"; };
		3D32B91A2A70A34D00AFB823 /* Camp.swift */ = {isa = PBXFileReference; lastKnownFileType = sourcecode.swift; path = Camp.swift; sourceTree = "<group>"; };
		3D32B91E2A70A99E00AFB823 /* Article.swift */ = {isa = PBXFileReference; lastKnownFileType = sourcecode.swift; path = Article.swift; sourceTree = "<group>"; };
		3D32B9202A70A9A800AFB823 /* Text.swift */ = {isa = PBXFileReference; lastKnownFileType = sourcecode.swift; path = Text.swift; sourceTree = "<group>"; };
		3D32B9222A70A9D900AFB823 /* Image.swift */ = {isa = PBXFileReference; lastKnownFileType = sourcecode.swift; path = Image.swift; sourceTree = "<group>"; };
		3D32B9242A70B15F00AFB823 /* Comment.swift */ = {isa = PBXFileReference; lastKnownFileType = sourcecode.swift; path = Comment.swift; sourceTree = "<group>"; };
		3D4A7CD42AA85F5A001B8A45 /* 经典圆体繁.TTF */ = {isa = PBXFileReference; lastKnownFileType = file; path = "经典圆体繁.TTF"; sourceTree = "<group>"; };
		3D4A7CD62AA8608D001B8A45 /* UIFont+custom.swift */ = {isa = PBXFileReference; lastKnownFileType = sourcecode.swift; path = "UIFont+custom.swift"; sourceTree = "<group>"; };
		3D4A7CD82AA8D279001B8A45 /* UIimage+thumbnail.swift */ = {isa = PBXFileReference; lastKnownFileType = sourcecode.swift; path = "UIimage+thumbnail.swift"; sourceTree = "<group>"; };
		3D4F92D12ABDED65006A39E2 /* ServerManager.swift */ = {isa = PBXFileReference; lastKnownFileType = sourcecode.swift; path = ServerManager.swift; sourceTree = "<group>"; };
		3D52E2FB2A9F7AA5005A3649 /* CollectedArticleCell.swift */ = {isa = PBXFileReference; lastKnownFileType = sourcecode.swift; path = CollectedArticleCell.swift; sourceTree = "<group>"; };
		3D6560D22A836D690086CA0E /* CreateArticleVC.swift */ = {isa = PBXFileReference; lastKnownFileType = sourcecode.swift; path = CreateArticleVC.swift; sourceTree = "<group>"; };
		3D6560D52A8377990086CA0E /* ShowMessageManager.swift */ = {isa = PBXFileReference; lastKnownFileType = sourcecode.swift; path = ShowMessageManager.swift; sourceTree = "<group>"; };
		3D707D0B2A94ACF10000506D /* ShowUserCell.swift */ = {isa = PBXFileReference; lastKnownFileType = sourcecode.swift; path = ShowUserCell.swift; sourceTree = "<group>"; };
		3D707D0D2A94AD050000506D /* ShowTextCell.swift */ = {isa = PBXFileReference; lastKnownFileType = sourcecode.swift; path = ShowTextCell.swift; sourceTree = "<group>"; };
		3D707D0F2A94AD290000506D /* ShowMyCommentCell.swift */ = {isa = PBXFileReference; lastKnownFileType = sourcecode.swift; path = ShowMyCommentCell.swift; sourceTree = "<group>"; };
		3D707D112A94AD6D0000506D /* ShowCommentCell.swift */ = {isa = PBXFileReference; lastKnownFileType = sourcecode.swift; path = ShowCommentCell.swift; sourceTree = "<group>"; };
		3D707D132A94AFCD0000506D /* ShowArticleTableVC.swift */ = {isa = PBXFileReference; lastKnownFileType = sourcecode.swift; path = ShowArticleTableVC.swift; sourceTree = "<group>"; };
		3D707D152A95B1680000506D /* Content.swift */ = {isa = PBXFileReference; lastKnownFileType = sourcecode.swift; path = Content.swift; sourceTree = "<group>"; };
		3D707D1B2A95F4060000506D /* ShowImageCell.swift */ = {isa = PBXFileReference; lastKnownFileType = sourcecode.swift; path = ShowImageCell.swift; sourceTree = "<group>"; };
		3D73E1712A81C33D007DBD85 /* EditArticleVC.swift */ = {isa = PBXFileReference; lastKnownFileType = sourcecode.swift; path = EditArticleVC.swift; sourceTree = "<group>"; };
		3D73E1732A8216D3007DBD85 /* LogVC.swift */ = {isa = PBXFileReference; lastKnownFileType = sourcecode.swift; path = LogVC.swift; sourceTree = "<group>"; };
		3D73E1752A8216E5007DBD85 /* LoginVC.swift */ = {isa = PBXFileReference; lastKnownFileType = sourcecode.swift; path = LoginVC.swift; sourceTree = "<group>"; };
		3D73E1772A821706007DBD85 /* RegisterVC.swift */ = {isa = PBXFileReference; lastKnownFileType = sourcecode.swift; path = RegisterVC.swift; sourceTree = "<group>"; };
		3D77760F2A8DD5BB002E9CD0 /* CustomTabbarController.swift */ = {isa = PBXFileReference; lastKnownFileType = sourcecode.swift; path = CustomTabbarController.swift; sourceTree = "<group>"; };
		3D7776552A93C542002E9CD0 /* MyArticleTableVC.swift */ = {isa = PBXFileReference; lastKnownFileType = sourcecode.swift; path = MyArticleTableVC.swift; sourceTree = "<group>"; };
		3D7776572A93C554002E9CD0 /* MyCollectionTableVC.swift */ = {isa = PBXFileReference; lastKnownFileType = sourcecode.swift; path = MyCollectionTableVC.swift; sourceTree = "<group>"; };
		3D7C18652AD0693300A9F963 /* TextNetworkManager.swift */ = {isa = PBXFileReference; lastKnownFileType = sourcecode.swift; path = TextNetworkManager.swift; sourceTree = "<group>"; };
		3D7C18672AD0695600A9F963 /* CommentNetworkManager.swift */ = {isa = PBXFileReference; lastKnownFileType = sourcecode.swift; path = CommentNetworkManager.swift; sourceTree = "<group>"; };
		3D7C18692AD06B3E00A9F963 /* ContentNetworkManager.swift */ = {isa = PBXFileReference; lastKnownFileType = sourcecode.swift; path = ContentNetworkManager.swift; sourceTree = "<group>"; };
		3D87B0862ABB1C350016583A /* ForgetpwVC.swift */ = {isa = PBXFileReference; lastKnownFileType = sourcecode.swift; path = ForgetpwVC.swift; sourceTree = "<group>"; };
		3D893B5C2A7FF7CC003ABFFE /* SecondTableView.swift */ = {isa = PBXFileReference; lastKnownFileType = sourcecode.swift; path = SecondTableView.swift; sourceTree = "<group>"; };
		3D893B602A7FF8BB003ABFFE /* CampCell.swift */ = {isa = PBXFileReference; lastKnownFileType = sourcecode.swift; path = CampCell.swift; sourceTree = "<group>"; };
		3D91DDC42A6ECFC100BECC28 /* SecondVC.swift */ = {isa = PBXFileReference; lastKnownFileType = sourcecode.swift; path = SecondVC.swift; sourceTree = "<group>"; };
		3D91DDC62A6ECFD600BECC28 /* ThirdVC.swift */ = {isa = PBXFileReference; lastKnownFileType = sourcecode.swift; path = ThirdVC.swift; sourceTree = "<group>"; };
		3D91DDC82A6ECFE200BECC28 /* FourthVC.swift */ = {isa = PBXFileReference; lastKnownFileType = sourcecode.swift; path = FourthVC.swift; sourceTree = "<group>"; };
		3D91DDCA2A6ECFEE00BECC28 /* FifthVC.swift */ = {isa = PBXFileReference; lastKnownFileType = sourcecode.swift; path = FifthVC.swift; sourceTree = "<group>"; };
		3D9FB8A02AB03B9000A8ED8C /* CacheManager.swift */ = {isa = PBXFileReference; lastKnownFileType = sourcecode.swift; path = CacheManager.swift; sourceTree = "<group>"; };
		3DA0C27E2AB989DB001C666E /* GooglePlacesManager.swift */ = {isa = PBXFileReference; lastKnownFileType = sourcecode.swift; path = GooglePlacesManager.swift; sourceTree = "<group>"; };
		3DCCBBBD2ACCECAD007AB847 /* UIColor.swift */ = {isa = PBXFileReference; lastKnownFileType = sourcecode.swift; path = UIColor.swift; sourceTree = "<group>"; };
		3DCCBBBF2ACD312D007AB847 /* UIView+shadow.swift */ = {isa = PBXFileReference; lastKnownFileType = sourcecode.swift; path = "UIView+shadow.swift"; sourceTree = "<group>"; };
		3DCCBBC12ACD332E007AB847 /* UIView+roundCorners.swift */ = {isa = PBXFileReference; lastKnownFileType = sourcecode.swift; path = "UIView+roundCorners.swift"; sourceTree = "<group>"; };
		3DCCBBC32ACD4B15007AB847 /* UIView+NoResultLabel.swift */ = {isa = PBXFileReference; lastKnownFileType = sourcecode.swift; path = "UIView+NoResultLabel.swift"; sourceTree = "<group>"; };
		3DCCBBC62ACD7D05007AB847 /* UITableVIew+shadow.swift */ = {isa = PBXFileReference; lastKnownFileType = sourcecode.swift; path = "UITableVIew+shadow.swift"; sourceTree = "<group>"; };
		3DCCBBCC2ACF8DA7007AB847 /* CustomActivityIndicator.swift */ = {isa = PBXFileReference; lastKnownFileType = sourcecode.swift; path = CustomActivityIndicator.swift; sourceTree = "<group>"; };
		3DCCBBDC2AD057CB007AB847 /* ServerResult.swift */ = {isa = PBXFileReference; lastKnownFileType = sourcecode.swift; path = ServerResult.swift; sourceTree = "<group>"; };
		3DCCBBDE2AD05814007AB847 /* UserManager.swift */ = {isa = PBXFileReference; lastKnownFileType = sourcecode.swift; path = UserManager.swift; sourceTree = "<group>"; };
		3DCCBBE02AD05857007AB847 /* CampManager.swift */ = {isa = PBXFileReference; lastKnownFileType = sourcecode.swift; path = CampManager.swift; sourceTree = "<group>"; };
		3DCCBBE22AD0588B007AB847 /* ArticleManager.swift */ = {isa = PBXFileReference; lastKnownFileType = sourcecode.swift; path = ArticleManager.swift; sourceTree = "<group>"; };
		3DCCBBEC2AD05BBA007AB847 /* UserNetworkManger.swift */ = {isa = PBXFileReference; lastKnownFileType = sourcecode.swift; path = UserNetworkManger.swift; sourceTree = "<group>"; };
		3DCCBBEE2AD05DD3007AB847 /* BaseNetworkManager.swift */ = {isa = PBXFileReference; lastKnownFileType = sourcecode.swift; path = BaseNetworkManager.swift; sourceTree = "<group>"; };
		3DCCBBF02AD0620F007AB847 /* ArticleNetworkManager.swift */ = {isa = PBXFileReference; lastKnownFileType = sourcecode.swift; path = ArticleNetworkManager.swift; sourceTree = "<group>"; };
		3DCCBBF32AD0628D007AB847 /* CampNetworkManeger.swift */ = {isa = PBXFileReference; lastKnownFileType = sourcecode.swift; path = CampNetworkManeger.swift; sourceTree = "<group>"; };
		3DCCBBF52AD062BB007AB847 /* ImageNetworkManger.swift */ = {isa = PBXFileReference; lastKnownFileType = sourcecode.swift; path = ImageNetworkManger.swift; sourceTree = "<group>"; };
		3DD52CD12A8468D200040B91 /* UIImage+Resize.swift */ = {isa = PBXFileReference; lastKnownFileType = sourcecode.swift; path = "UIImage+Resize.swift"; sourceTree = "<group>"; };
		3DE00AF82A9862210032504D /* EditArticleTableVC.swift */ = {isa = PBXFileReference; lastKnownFileType = sourcecode.swift; path = EditArticleTableVC.swift; sourceTree = "<group>"; };
		3DEECED72A7CA1220034AFBE /* ArticleCell.swift */ = {isa = PBXFileReference; lastKnownFileType = sourcecode.swift; path = ArticleCell.swift; sourceTree = "<group>"; };
		3DEECED92A7CA1310034AFBE /* UserCell.swift */ = {isa = PBXFileReference; lastKnownFileType = sourcecode.swift; path = UserCell.swift; sourceTree = "<group>"; };
		3DFACB662ABD3E6C00D775F5 /* GoogleService-Info.plist */ = {isa = PBXFileReference; fileEncoding = 4; lastKnownFileType = text.plist.xml; path = "GoogleService-Info.plist"; sourceTree = "<group>"; };
		44D56EC61973A2CB711306CB /* Pods-Gocamping.release.xcconfig */ = {isa = PBXFileReference; includeInIndex = 1; lastKnownFileType = text.xcconfig; name = "Pods-Gocamping.release.xcconfig"; path = "Target Support Files/Pods-Gocamping/Pods-Gocamping.release.xcconfig"; sourceTree = "<group>"; };
		A671BBB8C14A8B2FC5E66760 /* Pods_Gocamping.framework */ = {isa = PBXFileReference; explicitFileType = wrapper.framework; includeInIndex = 0; path = Pods_Gocamping.framework; sourceTree = BUILT_PRODUCTS_DIR; };
/* End PBXFileReference section */

/* Begin PBXFrameworksBuildPhase section */
		3D011AF32A6E6810009AFFB7 /* Frameworks */ = {
			isa = PBXFrameworksBuildPhase;
			buildActionMask = 2147483647;
			files = (
				3DFACB652ABD3B8700D775F5 /* FirebaseDatabase in Frameworks */,
				3D8F99EC2A73645C00891167 /* Alamofire in Frameworks */,
				631D7FF7F0B50F3F89D336F4 /* Pods_Gocamping.framework in Frameworks */,
			);
			runOnlyForDeploymentPostprocessing = 0;
		};
/* End PBXFrameworksBuildPhase section */

/* Begin PBXGroup section */
		0BADDE609CE7AAEF864E14A0 /* Frameworks */ = {
			isa = PBXGroup;
			children = (
				A671BBB8C14A8B2FC5E66760 /* Pods_Gocamping.framework */,
			);
			name = Frameworks;
			sourceTree = "<group>";
		};
		3D011AED2A6E6810009AFFB7 = {
			isa = PBXGroup;
			children = (
				3D011AF82A6E6810009AFFB7 /* Gocamping */,
				3D011AF72A6E6810009AFFB7 /* Products */,
				9BAC958724CB13634722B67C /* Pods */,
				0BADDE609CE7AAEF864E14A0 /* Frameworks */,
			);
			sourceTree = "<group>";
		};
		3D011AF72A6E6810009AFFB7 /* Products */ = {
			isa = PBXGroup;
			children = (
				3D011AF62A6E6810009AFFB7 /* Gocamping.app */,
			);
			name = Products;
			sourceTree = "<group>";
		};
		3D011AF82A6E6810009AFFB7 /* Gocamping */ = {
			isa = PBXGroup;
			children = (
				3DCCBBC92ACF8D10007AB847 /* Controller */,
				3D32B91C2A70A94300AFB823 /* Model */,
				3D011AF92A6E6810009AFFB7 /* AppDelegate.swift */,
				3D011AFB2A6E6810009AFFB7 /* SceneDelegate.swift */,
				3D4A7CD32AA85F48001B8A45 /* Font */,
				3D011AFF2A6E6810009AFFB7 /* Main.storyboard */,
				3D011B022A6E6811009AFFB7 /* Assets.xcassets */,
				3D011B042A6E6811009AFFB7 /* LaunchScreen.storyboard */,
				3D011B072A6E6811009AFFB7 /* Info.plist */,
				3DFACB662ABD3E6C00D775F5 /* GoogleService-Info.plist */,
			);
			path = Gocamping;
			sourceTree = "<group>";
		};
		3D09E8C72A8086FC00609A3B /* Struct */ = {
			isa = PBXGroup;
			children = (
				3D32B9182A7099D400AFB823 /* User.swift */,
				3D32B91E2A70A99E00AFB823 /* Article.swift */,
				3D32B91A2A70A34D00AFB823 /* Camp.swift */,
				3D32B9202A70A9A800AFB823 /* Text.swift */,
				3D32B9222A70A9D900AFB823 /* Image.swift */,
				3D32B9242A70B15F00AFB823 /* Comment.swift */,
				3D707D152A95B1680000506D /* Content.swift */,
				3DCCBBDC2AD057CB007AB847 /* ServerResult.swift */,
			);
			path = Struct;
			sourceTree = "<group>";
		};
		3D32B91C2A70A94300AFB823 /* Model */ = {
			isa = PBXGroup;
			children = (
				3D893B5B2A7FF731003ABFFE /* TableView */,
				3DCCBBC82ACF8CE6007AB847 /* Cutom */,
				3D87B0882ABC1A080016583A /* Singleton */,
				3D6560D42A8377820086CA0E /* Extension */,
				3D09E8C72A8086FC00609A3B /* Struct */,
			);
			path = Model;
			sourceTree = "<group>";
		};
		3D32B91D2A70A95100AFB823 /* ViewController */ = {
			isa = PBXGroup;
			children = (
				3D011AFD2A6E6810009AFFB7 /* FirstVC.swift */,
				3D91DDC42A6ECFC100BECC28 /* SecondVC.swift */,
				3D91DDC62A6ECFD600BECC28 /* ThirdVC.swift */,
				3D91DDC82A6ECFE200BECC28 /* FourthVC.swift */,
				3D91DDCA2A6ECFEE00BECC28 /* FifthVC.swift */,
				3D73E1712A81C33D007DBD85 /* EditArticleVC.swift */,
				3D6560D22A836D690086CA0E /* CreateArticleVC.swift */,
				3D73E1732A8216D3007DBD85 /* LogVC.swift */,
				3D73E1752A8216E5007DBD85 /* LoginVC.swift */,
				3D73E1772A821706007DBD85 /* RegisterVC.swift */,
				3D005AF42AB15C0A008172A5 /* EditProfileVC.swift */,
				3D87B0862ABB1C350016583A /* ForgetpwVC.swift */,
			);
			path = ViewController;
			sourceTree = "<group>";
		};
		3D4A7CD32AA85F48001B8A45 /* Font */ = {
			isa = PBXGroup;
			children = (
				3D4A7CD42AA85F5A001B8A45 /* 经典圆体繁.TTF */,
			);
			path = Font;
			sourceTree = "<group>";
		};
		3D6560D42A8377820086CA0E /* Extension */ = {
			isa = PBXGroup;
			children = (
				3DD52CD12A8468D200040B91 /* UIImage+Resize.swift */,
				3D4A7CD82AA8D279001B8A45 /* UIimage+thumbnail.swift */,
				3D4A7CD62AA8608D001B8A45 /* UIFont+custom.swift */,
				3DCCBBBD2ACCECAD007AB847 /* UIColor.swift */,
				3DCCBBBF2ACD312D007AB847 /* UIView+shadow.swift */,
				3DCCBBC12ACD332E007AB847 /* UIView+roundCorners.swift */,
				3DCCBBC32ACD4B15007AB847 /* UIView+NoResultLabel.swift */,
				3DCCBBC62ACD7D05007AB847 /* UITableVIew+shadow.swift */,
			);
			path = Extension;
			sourceTree = "<group>";
		};
		3D87B0882ABC1A080016583A /* Singleton */ = {
			isa = PBXGroup;
			children = (
				3DCCBBEB2AD05B60007AB847 /* StructManger */,
				3DCCBBEA2AD05B46007AB847 /* GooglePlacesManager */,
				3DCCBBE92AD05B34007AB847 /* CacheManager */,
				3DCCBBE82AD05B1F007AB847 /* ShowMessageManager */,
				3DCCBBE72AD05AE9007AB847 /* NetworkManager */,
			);
			path = Singleton;
			sourceTree = "<group>";
		};
		3D87B0892ABC1A5A0016583A /* TabbarController */ = {
			isa = PBXGroup;
			children = (
				3D77760F2A8DD5BB002E9CD0 /* CustomTabbarController.swift */,
			);
			path = TabbarController;
			sourceTree = "<group>";
		};
		3D893B5B2A7FF731003ABFFE /* TableView */ = {
			isa = PBXGroup;
			children = (
				3DCCBBCE2AD04AD0007AB847 /* FirstTableView */,
				3DCCBBD02AD04AFC007AB847 /* SecondTableView */,
				3DCCBBD22AD04B2D007AB847 /* NoticeTableView */,
			);
			path = TableView;
			sourceTree = "<group>";
		};
		3DCCBBC82ACF8CE6007AB847 /* Cutom */ = {
			isa = PBXGroup;
			children = (
				3DCCBBCB2ACF8D6B007AB847 /* CustomActivityIndicator */,
				3D87B0892ABC1A5A0016583A /* TabbarController */,
			);
			path = Cutom;
			sourceTree = "<group>";
		};
		3DCCBBC92ACF8D10007AB847 /* Controller */ = {
			isa = PBXGroup;
			children = (
				3DCCBBCA2ACF8D1F007AB847 /* TableViewController */,
				3D32B91D2A70A95100AFB823 /* ViewController */,
			);
			path = Controller;
			sourceTree = "<group>";
		};
		3DCCBBCA2ACF8D1F007AB847 /* TableViewController */ = {
			isa = PBXGroup;
			children = (
				3DCCBBD72AD04BBC007AB847 /* EditArticleTableVC */,
				3DCCBBD62AD04BB5007AB847 /* ShowArticleTableVC */,
				3DCCBBD52AD04BAC007AB847 /* MyCollectionTableVC */,
				3DCCBBD42AD04BA1007AB847 /* MyArticleTableVC */,
			);
			path = TableViewController;
			sourceTree = "<group>";
		};
		3DCCBBCB2ACF8D6B007AB847 /* CustomActivityIndicator */ = {
			isa = PBXGroup;
			children = (
				3DCCBBCC2ACF8DA7007AB847 /* CustomActivityIndicator.swift */,
			);
			path = CustomActivityIndicator;
			sourceTree = "<group>";
		};
		3DCCBBCE2AD04AD0007AB847 /* FirstTableView */ = {
			isa = PBXGroup;
			children = (
				3D22B4462A7CCCE700DFA82A /* FirstTableView.swift */,
				3DCCBBCF2AD04AEA007AB847 /* Cell */,
			);
			path = FirstTableView;
			sourceTree = "<group>";
		};
		3DCCBBCF2AD04AEA007AB847 /* Cell */ = {
			isa = PBXGroup;
			children = (
				3DEECED72A7CA1220034AFBE /* ArticleCell.swift */,
				3DEECED92A7CA1310034AFBE /* UserCell.swift */,
			);
			path = Cell;
			sourceTree = "<group>";
		};
		3DCCBBD02AD04AFC007AB847 /* SecondTableView */ = {
			isa = PBXGroup;
			children = (
				3D893B5C2A7FF7CC003ABFFE /* SecondTableView.swift */,
				3DCCBBD12AD04B0C007AB847 /* Cell */,
			);
			path = SecondTableView;
			sourceTree = "<group>";
		};
		3DCCBBD12AD04B0C007AB847 /* Cell */ = {
			isa = PBXGroup;
			children = (
				3D893B602A7FF8BB003ABFFE /* CampCell.swift */,
			);
			path = Cell;
			sourceTree = "<group>";
		};
		3DCCBBD22AD04B2D007AB847 /* NoticeTableView */ = {
			isa = PBXGroup;
			children = (
				3D09E8CB2A80883500609A3B /* NoticeTableView.swift */,
				3DCCBBD32AD04B43007AB847 /* Cell */,
			);
			path = NoticeTableView;
			sourceTree = "<group>";
		};
		3DCCBBD32AD04B43007AB847 /* Cell */ = {
			isa = PBXGroup;
			children = (
				3D09E8C82A80881600609A3B /* NotifyCell.swift */,
			);
			path = Cell;
			sourceTree = "<group>";
		};
		3DCCBBD42AD04BA1007AB847 /* MyArticleTableVC */ = {
			isa = PBXGroup;
			children = (
				3D7776552A93C542002E9CD0 /* MyArticleTableVC.swift */,
				3DCCBBDB2AD04BF0007AB847 /* Cell */,
			);
			path = MyArticleTableVC;
			sourceTree = "<group>";
		};
		3DCCBBD52AD04BAC007AB847 /* MyCollectionTableVC */ = {
			isa = PBXGroup;
			children = (
				3D7776572A93C554002E9CD0 /* MyCollectionTableVC.swift */,
				3DCCBBDA2AD04BEB007AB847 /* Cell */,
			);
			path = MyCollectionTableVC;
			sourceTree = "<group>";
		};
		3DCCBBD62AD04BB5007AB847 /* ShowArticleTableVC */ = {
			isa = PBXGroup;
			children = (
				3D707D132A94AFCD0000506D /* ShowArticleTableVC.swift */,
				3DCCBBD92AD04BE8007AB847 /* Cell */,
			);
			path = ShowArticleTableVC;
			sourceTree = "<group>";
		};
		3DCCBBD72AD04BBC007AB847 /* EditArticleTableVC */ = {
			isa = PBXGroup;
			children = (
				3DE00AF82A9862210032504D /* EditArticleTableVC.swift */,
				3DCCBBD82AD04BDE007AB847 /* Cell */,
			);
			path = EditArticleTableVC;
			sourceTree = "<group>";
		};
		3DCCBBD82AD04BDE007AB847 /* Cell */ = {
			isa = PBXGroup;
			children = (
				3D09E8CD2A80C3F000609A3B /* TextCell.swift */,
				3D09E8CF2A80C3FB00609A3B /* ImageCell.swift */,
			);
			path = Cell;
			sourceTree = "<group>";
		};
		3DCCBBD92AD04BE8007AB847 /* Cell */ = {
			isa = PBXGroup;
			children = (
				3D707D0B2A94ACF10000506D /* ShowUserCell.swift */,
				3D707D0D2A94AD050000506D /* ShowTextCell.swift */,
				3D707D1B2A95F4060000506D /* ShowImageCell.swift */,
				3D707D0F2A94AD290000506D /* ShowMyCommentCell.swift */,
				3D707D112A94AD6D0000506D /* ShowCommentCell.swift */,
			);
			path = Cell;
			sourceTree = "<group>";
		};
		3DCCBBDA2AD04BEB007AB847 /* Cell */ = {
			isa = PBXGroup;
			children = (
				3D52E2FB2A9F7AA5005A3649 /* CollectedArticleCell.swift */,
			);
			path = Cell;
			sourceTree = "<group>";
		};
		3DCCBBDB2AD04BF0007AB847 /* Cell */ = {
			isa = PBXGroup;
			children = (
				3D09E8C52A80866400609A3B /* MyArticleCell.swift */,
			);
			path = Cell;
			sourceTree = "<group>";
		};
		3DCCBBE72AD05AE9007AB847 /* NetworkManager */ = {
			isa = PBXGroup;
			children = (
				3DCCBBEE2AD05DD3007AB847 /* BaseNetworkManager.swift */,
				3DCCBBEC2AD05BBA007AB847 /* UserNetworkManger.swift */,
				3DCCBBF32AD0628D007AB847 /* CampNetworkManeger.swift */,
				3DCCBBF02AD0620F007AB847 /* ArticleNetworkManager.swift */,
				3DCCBBF52AD062BB007AB847 /* ImageNetworkManger.swift */,
				3D7C18652AD0693300A9F963 /* TextNetworkManager.swift */,
				3D7C18672AD0695600A9F963 /* CommentNetworkManager.swift */,
				3D7C18692AD06B3E00A9F963 /* ContentNetworkManager.swift */,
			);
			path = NetworkManager;
			sourceTree = "<group>";
		};
		3DCCBBE82AD05B1F007AB847 /* ShowMessageManager */ = {
			isa = PBXGroup;
			children = (
				3D6560D52A8377990086CA0E /* ShowMessageManager.swift */,
			);
			path = ShowMessageManager;
			sourceTree = "<group>";
		};
		3DCCBBE92AD05B34007AB847 /* CacheManager */ = {
			isa = PBXGroup;
			children = (
				3D9FB8A02AB03B9000A8ED8C /* CacheManager.swift */,
			);
			path = CacheManager;
			sourceTree = "<group>";
		};
		3DCCBBEA2AD05B46007AB847 /* GooglePlacesManager */ = {
			isa = PBXGroup;
			children = (
				3DA0C27E2AB989DB001C666E /* GooglePlacesManager.swift */,
			);
			path = GooglePlacesManager;
			sourceTree = "<group>";
		};
		3DCCBBEB2AD05B60007AB847 /* StructManger */ = {
			isa = PBXGroup;
			children = (
				3D4F92D12ABDED65006A39E2 /* ServerManager.swift */,
				3DCCBBDE2AD05814007AB847 /* UserManager.swift */,
				3DCCBBE02AD05857007AB847 /* CampManager.swift */,
				3DCCBBE22AD0588B007AB847 /* ArticleManager.swift */,
			);
			path = StructManger;
			sourceTree = "<group>";
		};
		9BAC958724CB13634722B67C /* Pods */ = {
			isa = PBXGroup;
			children = (
				1CE30981F8A8511E3A0918C7 /* Pods-Gocamping.debug.xcconfig */,
				44D56EC61973A2CB711306CB /* Pods-Gocamping.release.xcconfig */,
			);
			path = Pods;
			sourceTree = "<group>";
		};
/* End PBXGroup section */

/* Begin PBXNativeTarget section */
		3D011AF52A6E6810009AFFB7 /* Gocamping */ = {
			isa = PBXNativeTarget;
			buildConfigurationList = 3D011B0A2A6E6811009AFFB7 /* Build configuration list for PBXNativeTarget "Gocamping" */;
			buildPhases = (
				83BE8E7BC8A8850C7E06A2CB /* [CP] Check Pods Manifest.lock */,
				3D011AF22A6E6810009AFFB7 /* Sources */,
				3D011AF32A6E6810009AFFB7 /* Frameworks */,
				3D011AF42A6E6810009AFFB7 /* Resources */,
				CB5223873D4265D4747CC385 /* [CP] Copy Pods Resources */,
			);
			buildRules = (
			);
			dependencies = (
			);
			name = Gocamping;
			packageProductDependencies = (
				3D8F99EB2A73645C00891167 /* Alamofire */,
				3DFACB642ABD3B8700D775F5 /* FirebaseDatabase */,
			);
			productName = Gocamping;
			productReference = 3D011AF62A6E6810009AFFB7 /* Gocamping.app */;
			productType = "com.apple.product-type.application";
		};
/* End PBXNativeTarget section */

/* Begin PBXProject section */
		3D011AEE2A6E6810009AFFB7 /* Project object */ = {
			isa = PBXProject;
			attributes = {
				BuildIndependentTargetsInParallel = 1;
				LastSwiftUpdateCheck = 1430;
				LastUpgradeCheck = 1430;
				TargetAttributes = {
					3D011AF52A6E6810009AFFB7 = {
						CreatedOnToolsVersion = 14.3.1;
					};
				};
			};
			buildConfigurationList = 3D011AF12A6E6810009AFFB7 /* Build configuration list for PBXProject "Gocamping" */;
			compatibilityVersion = "Xcode 14.0";
			developmentRegion = en;
			hasScannedForEncodings = 0;
			knownRegions = (
				en,
				Base,
			);
			mainGroup = 3D011AED2A6E6810009AFFB7;
			packageReferences = (
				3D8F99EA2A73645C00891167 /* XCRemoteSwiftPackageReference "Alamofire" */,
				3DFACB632ABD3B8700D775F5 /* XCRemoteSwiftPackageReference "firebase-ios-sdk" */,
			);
			productRefGroup = 3D011AF72A6E6810009AFFB7 /* Products */;
			projectDirPath = "";
			projectRoot = "";
			targets = (
				3D011AF52A6E6810009AFFB7 /* Gocamping */,
			);
		};
/* End PBXProject section */

/* Begin PBXResourcesBuildPhase section */
		3D011AF42A6E6810009AFFB7 /* Resources */ = {
			isa = PBXResourcesBuildPhase;
			buildActionMask = 2147483647;
			files = (
				3D011B062A6E6811009AFFB7 /* LaunchScreen.storyboard in Resources */,
				3D4A7CD52AA85F5A001B8A45 /* 经典圆体繁.TTF in Resources */,
				3DFACB672ABD3E6C00D775F5 /* GoogleService-Info.plist in Resources */,
				3D011B032A6E6811009AFFB7 /* Assets.xcassets in Resources */,
				3D011B012A6E6810009AFFB7 /* Main.storyboard in Resources */,
			);
			runOnlyForDeploymentPostprocessing = 0;
		};
/* End PBXResourcesBuildPhase section */

/* Begin PBXShellScriptBuildPhase section */
		83BE8E7BC8A8850C7E06A2CB /* [CP] Check Pods Manifest.lock */ = {
			isa = PBXShellScriptBuildPhase;
			buildActionMask = 2147483647;
			files = (
			);
			inputFileListPaths = (
			);
			inputPaths = (
				"${PODS_PODFILE_DIR_PATH}/Podfile.lock",
				"${PODS_ROOT}/Manifest.lock",
			);
			name = "[CP] Check Pods Manifest.lock";
			outputFileListPaths = (
			);
			outputPaths = (
				"$(DERIVED_FILE_DIR)/Pods-Gocamping-checkManifestLockResult.txt",
			);
			runOnlyForDeploymentPostprocessing = 0;
			shellPath = /bin/sh;
			shellScript = "diff \"${PODS_PODFILE_DIR_PATH}/Podfile.lock\" \"${PODS_ROOT}/Manifest.lock\" > /dev/null\nif [ $? != 0 ] ; then\n    # print error to STDERR\n    echo \"error: The sandbox is not in sync with the Podfile.lock. Run 'pod install' or update your CocoaPods installation.\" >&2\n    exit 1\nfi\n# This output is used by Xcode 'outputs' to avoid re-running this script phase.\necho \"SUCCESS\" > \"${SCRIPT_OUTPUT_FILE_0}\"\n";
			showEnvVarsInLog = 0;
		};
		CB5223873D4265D4747CC385 /* [CP] Copy Pods Resources */ = {
			isa = PBXShellScriptBuildPhase;
			buildActionMask = 2147483647;
			files = (
			);
			inputFileListPaths = (
				"${PODS_ROOT}/Target Support Files/Pods-Gocamping/Pods-Gocamping-resources-${CONFIGURATION}-input-files.xcfilelist",
			);
			name = "[CP] Copy Pods Resources";
			outputFileListPaths = (
				"${PODS_ROOT}/Target Support Files/Pods-Gocamping/Pods-Gocamping-resources-${CONFIGURATION}-output-files.xcfilelist",
			);
			runOnlyForDeploymentPostprocessing = 0;
			shellPath = /bin/sh;
			shellScript = "\"${PODS_ROOT}/Target Support Files/Pods-Gocamping/Pods-Gocamping-resources.sh\"\n";
			showEnvVarsInLog = 0;
		};
/* End PBXShellScriptBuildPhase section */

/* Begin PBXSourcesBuildPhase section */
		3D011AF22A6E6810009AFFB7 /* Sources */ = {
			isa = PBXSourcesBuildPhase;
			buildActionMask = 2147483647;
			files = (
				3DCCBBC02ACD312D007AB847 /* UIView+shadow.swift in Sources */,
				3DE00AF92A9862210032504D /* EditArticleTableVC.swift in Sources */,
				3D91DDC92A6ECFE200BECC28 /* FourthVC.swift in Sources */,
				3D73E1782A821706007DBD85 /* RegisterVC.swift in Sources */,
				3D09E8CC2A80883500609A3B /* NoticeTableView.swift in Sources */,
				3D32B91B2A70A34D00AFB823 /* Camp.swift in Sources */,
				3D7C18662AD0693300A9F963 /* TextNetworkManager.swift in Sources */,
				3D09E8C62A80866400609A3B /* MyArticleCell.swift in Sources */,
				3DEECEDA2A7CA1310034AFBE /* UserCell.swift in Sources */,
				3D707D162A95B1680000506D /* Content.swift in Sources */,
				3D4A7CD72AA8608D001B8A45 /* UIFont+custom.swift in Sources */,
				3DCCBBE12AD05857007AB847 /* CampManager.swift in Sources */,
				3D91DDC52A6ECFC100BECC28 /* SecondVC.swift in Sources */,
				3D011AFE2A6E6810009AFFB7 /* FirstVC.swift in Sources */,
				3DCCBBDF2AD05814007AB847 /* UserManager.swift in Sources */,
				3D32B91F2A70A99E00AFB823 /* Article.swift in Sources */,
				3D09E8D02A80C3FB00609A3B /* ImageCell.swift in Sources */,
				3D7776562A93C542002E9CD0 /* MyArticleTableVC.swift in Sources */,
				3DCCBBCD2ACF8DA7007AB847 /* CustomActivityIndicator.swift in Sources */,
				3D707D1C2A95F4060000506D /* ShowImageCell.swift in Sources */,
				3DCCBBBE2ACCECAD007AB847 /* UIColor.swift in Sources */,
				3D91DDC72A6ECFD700BECC28 /* ThirdVC.swift in Sources */,
				3D7776582A93C554002E9CD0 /* MyCollectionTableVC.swift in Sources */,
				3D7776102A8DD5BB002E9CD0 /* CustomTabbarController.swift in Sources */,
				3D005AF52AB15C0A008172A5 /* EditProfileVC.swift in Sources */,
				3D7C186A2AD06B3E00A9F963 /* ContentNetworkManager.swift in Sources */,
				3DCCBBF62AD062BB007AB847 /* ImageNetworkManger.swift in Sources */,
				3D32B9192A7099D400AFB823 /* User.swift in Sources */,
				3DCCBBC22ACD332E007AB847 /* UIView+roundCorners.swift in Sources */,
				3DCCBBEF2AD05DD3007AB847 /* BaseNetworkManager.swift in Sources */,
				3D707D142A94AFCD0000506D /* ShowArticleTableVC.swift in Sources */,
				3DCCBBF42AD0628D007AB847 /* CampNetworkManeger.swift in Sources */,
				3D707D0C2A94ACF10000506D /* ShowUserCell.swift in Sources */,
				3D893B5D2A7FF7CC003ABFFE /* SecondTableView.swift in Sources */,
				3D73E1722A81C33D007DBD85 /* EditArticleVC.swift in Sources */,
				3D73E1762A8216E5007DBD85 /* LoginVC.swift in Sources */,
				3D52E2FC2A9F7AA5005A3649 /* CollectedArticleCell.swift in Sources */,
				3D011AFA2A6E6810009AFFB7 /* AppDelegate.swift in Sources */,
				3D32B9232A70A9D900AFB823 /* Image.swift in Sources */,
				3D32B9252A70B15F00AFB823 /* Comment.swift in Sources */,
				3DCCBBC72ACD7D05007AB847 /* UITableVIew+shadow.swift in Sources */,
				3D22B4472A7CCCE700DFA82A /* FirstTableView.swift in Sources */,
				3DCCBBF12AD0620F007AB847 /* ArticleNetworkManager.swift in Sources */,
				3DEECED82A7CA1220034AFBE /* ArticleCell.swift in Sources */,
				3D011AFC2A6E6810009AFFB7 /* SceneDelegate.swift in Sources */,
				3D4A7CD92AA8D279001B8A45 /* UIimage+thumbnail.swift in Sources */,
				3D707D102A94AD290000506D /* ShowMyCommentCell.swift in Sources */,
				3D73E1742A8216D3007DBD85 /* LogVC.swift in Sources */,
				3D893B612A7FF8BB003ABFFE /* CampCell.swift in Sources */,
				3DD52CD22A8468D200040B91 /* UIImage+Resize.swift in Sources */,
				3D707D122A94AD6D0000506D /* ShowCommentCell.swift in Sources */,
				3D7C18682AD0695600A9F963 /* CommentNetworkManager.swift in Sources */,
				3D09E8C92A80881600609A3B /* NotifyCell.swift in Sources */,
				3DCCBBC42ACD4B15007AB847 /* UIView+NoResultLabel.swift in Sources */,
				3DCCBBE32AD0588B007AB847 /* ArticleManager.swift in Sources */,
				3D32B9212A70A9A800AFB823 /* Text.swift in Sources */,
				3DCCBBED2AD05BBA007AB847 /* UserNetworkManger.swift in Sources */,
				3D707D0E2A94AD050000506D /* ShowTextCell.swift in Sources */,
				3D87B0872ABB1C350016583A /* ForgetpwVC.swift in Sources */,
				3D09E8CE2A80C3F000609A3B /* TextCell.swift in Sources */,
				3DA0C27F2AB989DB001C666E /* GooglePlacesManager.swift in Sources */,
				3D91DDCB2A6ECFEE00BECC28 /* FifthVC.swift in Sources */,
				3D6560D62A8377990086CA0E /* ShowMessageManager.swift in Sources */,
				3D4F92D22ABDED65006A39E2 /* ServerManager.swift in Sources */,
				3D6560D32A836D690086CA0E /* CreateArticleVC.swift in Sources */,
				3D9FB8A12AB03B9000A8ED8C /* CacheManager.swift in Sources */,
				3DCCBBDD2AD057CB007AB847 /* ServerResult.swift in Sources */,
			);
			runOnlyForDeploymentPostprocessing = 0;
		};
/* End PBXSourcesBuildPhase section */

/* Begin PBXVariantGroup section */
		3D011AFF2A6E6810009AFFB7 /* Main.storyboard */ = {
			isa = PBXVariantGroup;
			children = (
				3D011B002A6E6810009AFFB7 /* Base */,
			);
			name = Main.storyboard;
			sourceTree = "<group>";
		};
		3D011B042A6E6811009AFFB7 /* LaunchScreen.storyboard */ = {
			isa = PBXVariantGroup;
			children = (
				3D011B052A6E6811009AFFB7 /* Base */,
			);
			name = LaunchScreen.storyboard;
			sourceTree = "<group>";
		};
/* End PBXVariantGroup section */

/* Begin XCBuildConfiguration section */
		3D011B082A6E6811009AFFB7 /* Debug */ = {
			isa = XCBuildConfiguration;
			buildSettings = {
				ALWAYS_SEARCH_USER_PATHS = NO;
				CLANG_ANALYZER_NONNULL = YES;
				CLANG_ANALYZER_NUMBER_OBJECT_CONVERSION = YES_AGGRESSIVE;
				CLANG_CXX_LANGUAGE_STANDARD = "gnu++20";
				CLANG_ENABLE_MODULES = YES;
				CLANG_ENABLE_OBJC_ARC = YES;
				CLANG_ENABLE_OBJC_WEAK = YES;
				CLANG_WARN_BLOCK_CAPTURE_AUTORELEASING = YES;
				CLANG_WARN_BOOL_CONVERSION = YES;
				CLANG_WARN_COMMA = YES;
				CLANG_WARN_CONSTANT_CONVERSION = YES;
				CLANG_WARN_DEPRECATED_OBJC_IMPLEMENTATIONS = YES;
				CLANG_WARN_DIRECT_OBJC_ISA_USAGE = YES_ERROR;
				CLANG_WARN_DOCUMENTATION_COMMENTS = YES;
				CLANG_WARN_EMPTY_BODY = YES;
				CLANG_WARN_ENUM_CONVERSION = YES;
				CLANG_WARN_INFINITE_RECURSION = YES;
				CLANG_WARN_INT_CONVERSION = YES;
				CLANG_WARN_NON_LITERAL_NULL_CONVERSION = YES;
				CLANG_WARN_OBJC_IMPLICIT_RETAIN_SELF = YES;
				CLANG_WARN_OBJC_LITERAL_CONVERSION = YES;
				CLANG_WARN_OBJC_ROOT_CLASS = YES_ERROR;
				CLANG_WARN_QUOTED_INCLUDE_IN_FRAMEWORK_HEADER = YES;
				CLANG_WARN_RANGE_LOOP_ANALYSIS = YES;
				CLANG_WARN_STRICT_PROTOTYPES = YES;
				CLANG_WARN_SUSPICIOUS_MOVE = YES;
				CLANG_WARN_UNGUARDED_AVAILABILITY = YES_AGGRESSIVE;
				CLANG_WARN_UNREACHABLE_CODE = YES;
				CLANG_WARN__DUPLICATE_METHOD_MATCH = YES;
				COPY_PHASE_STRIP = NO;
				DEBUG_INFORMATION_FORMAT = dwarf;
				ENABLE_STRICT_OBJC_MSGSEND = YES;
				ENABLE_TESTABILITY = YES;
				GCC_C_LANGUAGE_STANDARD = gnu11;
				GCC_DYNAMIC_NO_PIC = NO;
				GCC_NO_COMMON_BLOCKS = YES;
				GCC_OPTIMIZATION_LEVEL = 0;
				GCC_PREPROCESSOR_DEFINITIONS = (
					"DEBUG=1",
					"$(inherited)",
				);
				GCC_WARN_64_TO_32_BIT_CONVERSION = YES;
				GCC_WARN_ABOUT_RETURN_TYPE = YES_ERROR;
				GCC_WARN_UNDECLARED_SELECTOR = YES;
				GCC_WARN_UNINITIALIZED_AUTOS = YES_AGGRESSIVE;
				GCC_WARN_UNUSED_FUNCTION = YES;
				GCC_WARN_UNUSED_VARIABLE = YES;
				IPHONEOS_DEPLOYMENT_TARGET = 15.6;
				MTL_ENABLE_DEBUG_INFO = INCLUDE_SOURCE;
				MTL_FAST_MATH = YES;
				ONLY_ACTIVE_ARCH = YES;
				SDKROOT = iphoneos;
				SWIFT_ACTIVE_COMPILATION_CONDITIONS = DEBUG;
				SWIFT_OPTIMIZATION_LEVEL = "-Onone";
			};
			name = Debug;
		};
		3D011B092A6E6811009AFFB7 /* Release */ = {
			isa = XCBuildConfiguration;
			buildSettings = {
				ALWAYS_SEARCH_USER_PATHS = NO;
				CLANG_ANALYZER_NONNULL = YES;
				CLANG_ANALYZER_NUMBER_OBJECT_CONVERSION = YES_AGGRESSIVE;
				CLANG_CXX_LANGUAGE_STANDARD = "gnu++20";
				CLANG_ENABLE_MODULES = YES;
				CLANG_ENABLE_OBJC_ARC = YES;
				CLANG_ENABLE_OBJC_WEAK = YES;
				CLANG_WARN_BLOCK_CAPTURE_AUTORELEASING = YES;
				CLANG_WARN_BOOL_CONVERSION = YES;
				CLANG_WARN_COMMA = YES;
				CLANG_WARN_CONSTANT_CONVERSION = YES;
				CLANG_WARN_DEPRECATED_OBJC_IMPLEMENTATIONS = YES;
				CLANG_WARN_DIRECT_OBJC_ISA_USAGE = YES_ERROR;
				CLANG_WARN_DOCUMENTATION_COMMENTS = YES;
				CLANG_WARN_EMPTY_BODY = YES;
				CLANG_WARN_ENUM_CONVERSION = YES;
				CLANG_WARN_INFINITE_RECURSION = YES;
				CLANG_WARN_INT_CONVERSION = YES;
				CLANG_WARN_NON_LITERAL_NULL_CONVERSION = YES;
				CLANG_WARN_OBJC_IMPLICIT_RETAIN_SELF = YES;
				CLANG_WARN_OBJC_LITERAL_CONVERSION = YES;
				CLANG_WARN_OBJC_ROOT_CLASS = YES_ERROR;
				CLANG_WARN_QUOTED_INCLUDE_IN_FRAMEWORK_HEADER = YES;
				CLANG_WARN_RANGE_LOOP_ANALYSIS = YES;
				CLANG_WARN_STRICT_PROTOTYPES = YES;
				CLANG_WARN_SUSPICIOUS_MOVE = YES;
				CLANG_WARN_UNGUARDED_AVAILABILITY = YES_AGGRESSIVE;
				CLANG_WARN_UNREACHABLE_CODE = YES;
				CLANG_WARN__DUPLICATE_METHOD_MATCH = YES;
				COPY_PHASE_STRIP = NO;
				DEBUG_INFORMATION_FORMAT = "dwarf-with-dsym";
				ENABLE_NS_ASSERTIONS = NO;
				ENABLE_STRICT_OBJC_MSGSEND = YES;
				GCC_C_LANGUAGE_STANDARD = gnu11;
				GCC_NO_COMMON_BLOCKS = YES;
				GCC_WARN_64_TO_32_BIT_CONVERSION = YES;
				GCC_WARN_ABOUT_RETURN_TYPE = YES_ERROR;
				GCC_WARN_UNDECLARED_SELECTOR = YES;
				GCC_WARN_UNINITIALIZED_AUTOS = YES_AGGRESSIVE;
				GCC_WARN_UNUSED_FUNCTION = YES;
				GCC_WARN_UNUSED_VARIABLE = YES;
				IPHONEOS_DEPLOYMENT_TARGET = 15.6;
				MTL_ENABLE_DEBUG_INFO = NO;
				MTL_FAST_MATH = YES;
				SDKROOT = iphoneos;
				SWIFT_COMPILATION_MODE = wholemodule;
				SWIFT_OPTIMIZATION_LEVEL = "-O";
				VALIDATE_PRODUCT = YES;
			};
			name = Release;
		};
		3D011B0B2A6E6811009AFFB7 /* Debug */ = {
			isa = XCBuildConfiguration;
			baseConfigurationReference = 1CE30981F8A8511E3A0918C7 /* Pods-Gocamping.debug.xcconfig */;
			buildSettings = {
				ASSETCATALOG_COMPILER_APPICON_NAME = AppIcon;
				ASSETCATALOG_COMPILER_GLOBAL_ACCENT_COLOR_NAME = AccentColor;
				CODE_SIGN_STYLE = Automatic;
				CURRENT_PROJECT_VERSION = 3;
				DEVELOPMENT_TEAM = HQG6D72UAL;
				GENERATE_INFOPLIST_FILE = YES;
				INFOPLIST_FILE = Gocamping/Info.plist;
				INFOPLIST_KEY_NSLocationAlwaysAndWhenInUseUsageDescription = "需要您的位置訊息以持續提供導航服務";
				INFOPLIST_KEY_NSLocationUsageDescription = "需要您的位置訊息以提供導航服務";
				INFOPLIST_KEY_NSLocationWhenInUseUsageDescription = "需要您的位置訊息以提供導航服務";
				INFOPLIST_KEY_UIApplicationSupportsIndirectInputEvents = YES;
				INFOPLIST_KEY_UILaunchStoryboardName = LaunchScreen;
				INFOPLIST_KEY_UIMainStoryboardFile = Main;
				INFOPLIST_KEY_UISupportedInterfaceOrientations_iPad = "UIInterfaceOrientationPortrait UIInterfaceOrientationPortraitUpsideDown UIInterfaceOrientationLandscapeLeft UIInterfaceOrientationLandscapeRight";
				INFOPLIST_KEY_UISupportedInterfaceOrientations_iPhone = "UIInterfaceOrientationPortrait UIInterfaceOrientationLandscapeLeft UIInterfaceOrientationLandscapeRight";
				INFOPLIST_KEY_UIUserInterfaceStyle = Light;
				IPHONEOS_DEPLOYMENT_TARGET = 15.6;
				LD_RUNPATH_SEARCH_PATHS = (
					"$(inherited)",
					"@executable_path/Frameworks",
				);
				MARKETING_VERSION = 1.2;
				PRODUCT_BUNDLE_IDENTIFIER = kang.Gocamping;
				PRODUCT_NAME = "$(TARGET_NAME)";
				SUPPORTED_PLATFORMS = "iphoneos iphonesimulator";
				SUPPORTS_MACCATALYST = NO;
				SUPPORTS_MAC_DESIGNED_FOR_IPHONE_IPAD = NO;
				SWIFT_EMIT_LOC_STRINGS = YES;
				SWIFT_VERSION = 5.0;
				TARGETED_DEVICE_FAMILY = 1;
			};
			name = Debug;
		};
		3D011B0C2A6E6811009AFFB7 /* Release */ = {
			isa = XCBuildConfiguration;
			baseConfigurationReference = 44D56EC61973A2CB711306CB /* Pods-Gocamping.release.xcconfig */;
			buildSettings = {
				ASSETCATALOG_COMPILER_APPICON_NAME = AppIcon;
				ASSETCATALOG_COMPILER_GLOBAL_ACCENT_COLOR_NAME = AccentColor;
				CODE_SIGN_STYLE = Automatic;
				CURRENT_PROJECT_VERSION = 3;
				DEVELOPMENT_TEAM = HQG6D72UAL;
				GENERATE_INFOPLIST_FILE = YES;
				INFOPLIST_FILE = Gocamping/Info.plist;
				INFOPLIST_KEY_NSLocationAlwaysAndWhenInUseUsageDescription = "需要您的位置訊息以持續提供導航服務";
				INFOPLIST_KEY_NSLocationUsageDescription = "需要您的位置訊息以提供導航服務";
				INFOPLIST_KEY_NSLocationWhenInUseUsageDescription = "需要您的位置訊息以提供導航服務";
				INFOPLIST_KEY_UIApplicationSupportsIndirectInputEvents = YES;
				INFOPLIST_KEY_UILaunchStoryboardName = LaunchScreen;
				INFOPLIST_KEY_UIMainStoryboardFile = Main;
				INFOPLIST_KEY_UISupportedInterfaceOrientations_iPad = "UIInterfaceOrientationPortrait UIInterfaceOrientationPortraitUpsideDown UIInterfaceOrientationLandscapeLeft UIInterfaceOrientationLandscapeRight";
				INFOPLIST_KEY_UISupportedInterfaceOrientations_iPhone = "UIInterfaceOrientationPortrait UIInterfaceOrientationLandscapeLeft UIInterfaceOrientationLandscapeRight";
				INFOPLIST_KEY_UIUserInterfaceStyle = Light;
				IPHONEOS_DEPLOYMENT_TARGET = 15.6;
				LD_RUNPATH_SEARCH_PATHS = (
					"$(inherited)",
					"@executable_path/Frameworks",
				);
				MARKETING_VERSION = 1.2;
				PRODUCT_BUNDLE_IDENTIFIER = kang.Gocamping;
				PRODUCT_NAME = "$(TARGET_NAME)";
				SUPPORTED_PLATFORMS = "iphoneos iphonesimulator";
				SUPPORTS_MACCATALYST = NO;
				SUPPORTS_MAC_DESIGNED_FOR_IPHONE_IPAD = NO;
				SWIFT_EMIT_LOC_STRINGS = YES;
				SWIFT_VERSION = 5.0;
				TARGETED_DEVICE_FAMILY = 1;
			};
			name = Release;
		};
/* End XCBuildConfiguration section */

/* Begin XCConfigurationList section */
		3D011AF12A6E6810009AFFB7 /* Build configuration list for PBXProject "Gocamping" */ = {
			isa = XCConfigurationList;
			buildConfigurations = (
				3D011B082A6E6811009AFFB7 /* Debug */,
				3D011B092A6E6811009AFFB7 /* Release */,
			);
			defaultConfigurationIsVisible = 0;
			defaultConfigurationName = Release;
		};
		3D011B0A2A6E6811009AFFB7 /* Build configuration list for PBXNativeTarget "Gocamping" */ = {
			isa = XCConfigurationList;
			buildConfigurations = (
				3D011B0B2A6E6811009AFFB7 /* Debug */,
				3D011B0C2A6E6811009AFFB7 /* Release */,
			);
			defaultConfigurationIsVisible = 0;
			defaultConfigurationName = Release;
		};
/* End XCConfigurationList section */

/* Begin XCRemoteSwiftPackageReference section */
		3D8F99EA2A73645C00891167 /* XCRemoteSwiftPackageReference "Alamofire" */ = {
			isa = XCRemoteSwiftPackageReference;
			repositoryURL = "https://github.com/Alamofire/Alamofire";
			requirement = {
				kind = upToNextMajorVersion;
				minimumVersion = 5.0.0;
			};
		};
		3DFACB632ABD3B8700D775F5 /* XCRemoteSwiftPackageReference "firebase-ios-sdk" */ = {
			isa = XCRemoteSwiftPackageReference;
			repositoryURL = "https://github.com/firebase/firebase-ios-sdk";
			requirement = {
				kind = upToNextMajorVersion;
				minimumVersion = 10.0.0;
			};
		};
/* End XCRemoteSwiftPackageReference section */

/* Begin XCSwiftPackageProductDependency section */
		3D8F99EB2A73645C00891167 /* Alamofire */ = {
			isa = XCSwiftPackageProductDependency;
			package = 3D8F99EA2A73645C00891167 /* XCRemoteSwiftPackageReference "Alamofire" */;
			productName = Alamofire;
		};
		3DFACB642ABD3B8700D775F5 /* FirebaseDatabase */ = {
			isa = XCSwiftPackageProductDependency;
			package = 3DFACB632ABD3B8700D775F5 /* XCRemoteSwiftPackageReference "firebase-ios-sdk" */;
			productName = FirebaseDatabase;
		};
/* End XCSwiftPackageProductDependency section */
	};
	rootObject = 3D011AEE2A6E6810009AFFB7 /* Project object */;
}
